
Microsoft Visual Studio Solution File, Format Version 12.00
# Visual Studio 15
VisualStudioVersion = 15.0.27428.1
MinimumVisualStudioVersion = 10.0.40219.1
Project("{9A19103F-16F7-4668-BE54-9A1E7A4F7556}") = "ChineseConverter", "ChineseConverter\ChineseConverter.csproj", "{B395A62E-B988-4370-AB66-D76A4FC49C9E}"
EndProject
Project("{FAE04EC0-301F-11D3-BF4B-00C04F79EFBC}") = "MergePhrase", "MergePhrase\MergePhrase.csproj", "{3AD252B4-0761-458B-A044-CC21B4F93217}"
EndProject
Project("{FAE04EC0-301F-11D3-BF4B-00C04F79EFBC}") = "UnitTestChineseConverter", "UnitTestChineseConverter\UnitTestChineseConverter.csproj", "{5250EE78-AC84-4195-AF54-D816FCC73054}"
EndProject
Global
	GlobalSection(SolutionConfigurationPlatforms) = preSolution
		Debug|Any CPU = Debug|Any CPU
		Release|Any CPU = Release|Any CPU
	EndGlobalSection
	GlobalSection(ProjectConfigurationPlatforms) = postSolution
		{B395A62E-B988-4370-AB66-D76A4FC49C9E}.Debug|Any CPU.ActiveCfg = Debug|Any CPU
		{B395A62E-B988-4370-AB66-D76A4FC49C9E}.Debug|Any CPU.Build.0 = Debug|Any CPU
		{B395A62E-B988-4370-AB66-D76A4FC49C9E}.Release|Any CPU.ActiveCfg = Release|Any CPU
		{B395A62E-B988-4370-AB66-D76A4FC49C9E}.Release|Any CPU.Build.0 = Release|Any CPU
		{3AD252B4-0761-458B-A044-CC21B4F93217}.Debug|Any CPU.ActiveCfg = Debug|Any CPU
		{3AD252B4-0761-458B-A044-CC21B4F93217}.Debug|Any CPU.Build.0 = Debug|Any CPU
		{3AD252B4-0761-458B-A044-CC21B4F93217}.Release|Any CPU.ActiveCfg = Release|Any CPU
		{3AD252B4-0761-458B-A044-CC21B4F93217}.Release|Any CPU.Build.0 = Release|Any CPU
		{5250EE78-AC84-4195-AF54-D816FCC73054}.Debug|Any CPU.ActiveCfg = Debug|Any CPU
		{5250EE78-AC84-4195-AF54-D816FCC73054}.Debug|Any CPU.Build.0 = Debug|Any CPU
		{5250EE78-AC84-4195-AF54-D816FCC73054}.Release|Any CPU.ActiveCfg = Release|Any CPU
		{5250EE78-AC84-4195-AF54-D816FCC73054}.Release|Any CPU.Build.0 = Release|Any CPU
	EndGlobalSection
	GlobalSection(SolutionProperties) = preSolution
		HideSolutionNode = FALSE
	EndGlobalSection
	GlobalSection(ExtensibilityGlobals) = postSolution
		SolutionGuid = {47F1781C-8C68-4F76-9A1F-0103784B1BE4}
	EndGlobalSection
EndGlobal
